
Microsoft Visual Studio Solution File, Format Version 12.00
# Visual Studio Version 16
VisualStudioVersion = 16.0.31112.23
MinimumVisualStudioVersion = 10.0.40219.1
Project("{FAE04EC0-301F-11D3-BF4B-00C04F79EFBC}") = "otopark", "otopark\otopark.csproj", "{A01BAF33-C093-49B2-A11E-FBAABC889045}"
EndProject
Global
	GlobalSection(SolutionConfigurationPlatforms) = preSolution
		Debug|Any CPU = Debug|Any CPU
		Release|Any CPU = Release|Any CPU
	EndGlobalSection
	GlobalSection(ProjectConfigurationPlatforms) = postSolution
		{A01BAF33-C093-49B2-A11E-FBAABC889045}.Debug|Any CPU.ActiveCfg = Debug|Any CPU
		{A01BAF33-C093-49B2-A11E-FBAABC889045}.Debug|Any CPU.Build.0 = Debug|Any CPU
		{A01BAF33-C093-49B2-A11E-FBAABC889045}.Release|Any CPU.ActiveCfg = Release|Any CPU
		{A01BAF33-C093-49B2-A11E-FBAABC889045}.Release|Any CPU.Build.0 = Release|Any CPU
	EndGlobalSection
	GlobalSection(SolutionProperties) = preSolution
		HideSolutionNode = FALSE
	EndGlobalSection
	GlobalSection(ExtensibilityGlobals) = postSolution
		SolutionGuid = {FEC15CE3-D944-4BBB-A12E-653B1A328DA4}
	EndGlobalSection
EndGlobal
